<Solution>
  <Folder Name="/src/">
    <Project Path="src/Catchlogr.Api/Catchlogr.Api.csproj" />
    <Project Path="src/Catchlogr.Application/Catchlogr.Application.csproj" />
    <Project Path="src/Catchlogr.Contracts/Catchlogr.Contracts.csproj" />
    <Project Path="src/Catchlogr.Domain/Catchlogr.Domain.csproj" />
    <Project Path="src/Catchlogr.Infrastructure/Catchlogr.Infrastructure.csproj" />
    <Project Path="src/Catchlogr.Mobile/Catchlogr.Mobile.csproj" />
    <Project Path="src/Catchlogr.Sync/Catchlogr.Sync.csproj" />
  </Folder>
  <Folder Name="/tests/">
    <Project Path="tests/Catchlogr.Api.IntegrationTests/Catchlogr.Api.IntegrationTests.csproj" />
    <Project Path="tests/Catchlogr.Mobile.Tests/Catchlogr.Mobile.Tests.csproj" />
    <Project Path="tests/Catchlogr.Tests/Catchlogr.Tests.csproj" />
  </Folder>
</Solution>
