<Solution>
  <Folder Name="/src/">
    <Project Path="src/FishingLog.Api/FishingLog.Api.csproj" />
    <Project Path="src/FishingLog.Application/FishingLog.Application.csproj" />
    <Project Path="src/FishingLog.Contracts/FishingLog.Contracts.csproj" />
    <Project Path="src/FishingLog.Domain/FishingLog.Domain.csproj" />
    <Project Path="src/FishingLog.Infrastructure/FishingLog.Infrastructure.csproj" />
    <Project Path="src/FishingLog.Mobile/FishingLog.Mobile.csproj" />
    <Project Path="src/FishingLog.Sync/FishingLog.Sync.csproj" />
  </Folder>
  <Folder Name="/tests/">
    <Project Path="tests/FishingLog.Api.IntegrationTests/FishingLog.Api.IntegrationTests.csproj" />
    <Project Path="tests/FishingLog.Mobile.Tests/FishingLog.Mobile.Tests.csproj" />
    <Project Path="tests/FishingLog.Tests/FishingLog.Tests.csproj" />
  </Folder>
</Solution>
